
Microsoft Visual Studio Solution File, Format Version 10.00
# Visual Studio 2008
Project("{8BC9CEB9-8B4A-11D0-8D11-00A0C91BC942}") = "dirWalker1.jscript8.exe", "dirWalker1.jscript8.exe", "{EE0A92EB-E2E7-4E1F-A2D2-3A0049BB63EC}"
EndProject
Global
	GlobalSection(SolutionConfigurationPlatforms) = preSolution
		Debug|Default = Debug|Default
	EndGlobalSection
	GlobalSection(ProjectConfigurationPlatforms) = postSolution
		{EE0A92EB-E2E7-4E1F-A2D2-3A0049BB63EC}.Debug|Default.ActiveCfg = Debug
	EndGlobalSection
	GlobalSection(SolutionProperties) = preSolution
		HideSolutionNode = FALSE
	EndGlobalSection
EndGlobal
